{
  "name": "jwt-compact-wasm-test",
  "version": "0.0.0",
  "lockfileVersion": 1,
  "requires": true,
  "dependencies": {
    "jose": {
      "version": "3.15.4",
      "resolved": "https://registry.npmjs.org/jose/-/jose-3.15.4.tgz",
      "integrity": "sha512-SXeGi+g5ZcNgV6o7f+Mx3Q1gaYMSBzAi3cmcZPxoeCEZPgfSCnnyfmMXzXoLDh+XL4KMtGvhOsYBoqQhnuR2rQ=="
    },
    "jwt-compact-wasm": {
      "version": "file:pkg"
    }
  }
}
