{
  "name": "jwt-compact-wasm-test",
  "version": "0.0.0",
  "lockfileVersion": 1,
  "requires": true,
  "dependencies": {
    "jose": {
      "version": "3.20.1",
      "resolved": "https://registry.npmjs.org/jose/-/jose-3.20.1.tgz",
      "integrity": "sha512-qAO8uCyyOfkpsAWL4U0O1ug/N8Y4OgYFMvIsvlhU1vcahUcvYkH1MOgN0JIr+XqR9O9A36NwCPju6sPHy8P6jg=="
    },
    "jwt-compact-wasm": {
      "version": "file:pkg"
    }
  }
}
