{
  "name": "jwt-compact-wasm-test",
  "version": "0.0.0",
  "lockfileVersion": 1,
  "requires": true,
  "dependencies": {
    "jose": {
      "version": "3.17.0",
      "resolved": "https://registry.npmjs.org/jose/-/jose-3.17.0.tgz",
      "integrity": "sha512-rLpCb/TOsk4/yjjIALNecWbBivA17a5nQk/d2BJAiBbjP0db57rgrh3W3s6BzGcc9jxOo6txFBWGbDHwYAFgdQ=="
    },
    "jwt-compact-wasm": {
      "version": "file:pkg"
    }
  }
}
